
Microsoft Visual Studio Solution File, Format Version 12.00
# Visual Studio Version 16
VisualStudioVersion = 16.0.31129.286
MinimumVisualStudioVersion = 10.0.40219.1
Project("{FAE04EC0-301F-11D3-BF4B-00C04F79EFBC}") = "arrayExamples", "arrayExamples\arrayExamples.csproj", "{A6366213-7E9A-402D-A5C3-423EA1EBC2CC}"
EndProject
Global
	GlobalSection(SolutionConfigurationPlatforms) = preSolution
		Debug|Any CPU = Debug|Any CPU
		Release|Any CPU = Release|Any CPU
	EndGlobalSection
	GlobalSection(ProjectConfigurationPlatforms) = postSolution
		{A6366213-7E9A-402D-A5C3-423EA1EBC2CC}.Debug|Any CPU.ActiveCfg = Debug|Any CPU
		{A6366213-7E9A-402D-A5C3-423EA1EBC2CC}.Debug|Any CPU.Build.0 = Debug|Any CPU
		{A6366213-7E9A-402D-A5C3-423EA1EBC2CC}.Release|Any CPU.ActiveCfg = Release|Any CPU
		{A6366213-7E9A-402D-A5C3-423EA1EBC2CC}.Release|Any CPU.Build.0 = Release|Any CPU
	EndGlobalSection
	GlobalSection(SolutionProperties) = preSolution
		HideSolutionNode = FALSE
	EndGlobalSection
	GlobalSection(ExtensibilityGlobals) = postSolution
		SolutionGuid = {733DACA6-4633-4122-80AF-21900C7C3175}
	EndGlobalSection
EndGlobal
